
Microsoft Visual Studio Solution File, Format Version 12.00
# Visual Studio Version 17
VisualStudioVersion = 17.2.32630.192
MinimumVisualStudioVersion = 10.0.40219.1
Project("{8BC9CEB8-8B4A-11D0-8D11-00A0C91BC942}") = "CvGameCoreDLL_Expansion2", "CvGameCoreDLL_Expansion2\CvGameCoreDLL_Expansion2.vs2010.vcxproj", "{F58F230D-EE4A-40E0-91D5-93626E790055}"
EndProject
Global
	GlobalSection(SolutionConfigurationPlatforms) = preSolution
		Debug|Win32 = Debug|Win32
		Debug12|Win32 = Debug12|Win32
		Release|Win32 = Release|Win32
	EndGlobalSection
	GlobalSection(ProjectConfigurationPlatforms) = postSolution
		{F58F230D-EE4A-40E0-91D5-93626E790055}.Debug|Win32.ActiveCfg = Debug|Win32
		{F58F230D-EE4A-40E0-91D5-93626E790055}.Debug|Win32.Build.0 = Debug|Win32
		{F58F230D-EE4A-40E0-91D5-93626E790055}.Debug12|Win32.ActiveCfg = Debug12|Win32
		{F58F230D-EE4A-40E0-91D5-93626E790055}.Debug12|Win32.Build.0 = Debug12|Win32
		{F58F230D-EE4A-40E0-91D5-93626E790055}.Release|Win32.ActiveCfg = Release|Win32
		{F58F230D-EE4A-40E0-91D5-93626E790055}.Release|Win32.Build.0 = Release|Win32
	EndGlobalSection
	GlobalSection(SolutionProperties) = preSolution
		HideSolutionNode = FALSE
	EndGlobalSection
	GlobalSection(ExtensibilityGlobals) = postSolution
		SolutionGuid = {2D82F3CB-6D71-4572-A8F6-DFC58AC4096C}
	EndGlobalSection
EndGlobal
